
Microsoft Visual Studio Solution File, Format Version 12.00
# Visual Studio 15
VisualStudioVersion = 15.0.27004.2006
MinimumVisualStudioVersion = 10.0.40219.1
Project("{F184B08F-C81C-45F6-A57F-5ABD9991F28F}") = "KarlsCandyApp", "KarlsCandyApp\KarlsCandyApp.vbproj", "{75F79864-E90F-4E92-B9B7-1BA1CB205E05}"
EndProject
Global
	GlobalSection(SolutionConfigurationPlatforms) = preSolution
		Debug|Any CPU = Debug|Any CPU
		Release|Any CPU = Release|Any CPU
	EndGlobalSection
	GlobalSection(ProjectConfigurationPlatforms) = postSolution
		{75F79864-E90F-4E92-B9B7-1BA1CB205E05}.Debug|Any CPU.ActiveCfg = Debug|Any CPU
		{75F79864-E90F-4E92-B9B7-1BA1CB205E05}.Debug|Any CPU.Build.0 = Debug|Any CPU
		{75F79864-E90F-4E92-B9B7-1BA1CB205E05}.Release|Any CPU.ActiveCfg = Release|Any CPU
		{75F79864-E90F-4E92-B9B7-1BA1CB205E05}.Release|Any CPU.Build.0 = Release|Any CPU
	EndGlobalSection
	GlobalSection(SolutionProperties) = preSolution
		HideSolutionNode = FALSE
	EndGlobalSection
	GlobalSection(ExtensibilityGlobals) = postSolution
		SolutionGuid = {6D5885C6-57F7-46E9-8E81-5897E36FDEED}
	EndGlobalSection
EndGlobal
