
Microsoft Visual Studio Solution File, Format Version 12.00
# Visual Studio 15
VisualStudioVersion = 15.0.27004.2010
MinimumVisualStudioVersion = 10.0.40219.1
Project("{54435603-DBB4-11D2-8724-00A0C9A8B90C}") = "InternetExplorerXSetup", "InternetExplorerXSetup\InternetExplorerXSetup.vdproj", "{E2947E0C-D250-40FF-BF20-52648E96F392}"
EndProject
Global
	GlobalSection(SolutionConfigurationPlatforms) = preSolution
		Debug|Default = Debug|Default
		Release|Default = Release|Default
	EndGlobalSection
	GlobalSection(ProjectConfigurationPlatforms) = postSolution
		{E2947E0C-D250-40FF-BF20-52648E96F392}.Debug|Default.ActiveCfg = Debug
		{E2947E0C-D250-40FF-BF20-52648E96F392}.Debug|Default.Build.0 = Debug
		{E2947E0C-D250-40FF-BF20-52648E96F392}.Release|Default.ActiveCfg = Release
		{E2947E0C-D250-40FF-BF20-52648E96F392}.Release|Default.Build.0 = Release
	EndGlobalSection
	GlobalSection(SolutionProperties) = preSolution
		HideSolutionNode = FALSE
	EndGlobalSection
	GlobalSection(ExtensibilityGlobals) = postSolution
		SolutionGuid = {1D2DE734-6028-4BC3-9725-EF83E94ECD33}
	EndGlobalSection
EndGlobal
